// !$*UTF8*$!
{
	archiveVersion = 1;
	classes = {
	};
	objectVersion = 50;
	objects = {

/* Begin PBXBuildFile section */
		A3C15DAF7B76160953CB0E78 /* Pods_Shopify_Mobile_Challenge_Winter_2019.framework in Frameworks */ = {isa = PBXBuildFile; fileRef = C37069597F952238937BCDD6 /* Pods_Shopify_Mobile_Challenge_Winter_2019.framework */; };
		AB956E9421E5511B0075102B /* AppDelegate.swift in Sources */ = {isa = PBXBuildFile; fileRef = AB956E9321E5511B0075102B /* AppDelegate.swift */; };
		AB956E9621E5511B0075102B /* ViewController.swift in Sources */ = {isa = PBXBuildFile; fileRef = AB956E9521E5511B0075102B /* ViewController.swift */; };
		AB956E9921E5511B0075102B /* Main.storyboard in Resources */ = {isa = PBXBuildFile; fileRef = AB956E9721E5511B0075102B /* Main.storyboard */; };
		AB956E9B21E5511D0075102B /* Assets.xcassets in Resources */ = {isa = PBXBuildFile; fileRef = AB956E9A21E5511D0075102B /* Assets.xcassets */; };
		AB956E9E21E5511D0075102B /* LaunchScreen.storyboard in Resources */ = {isa = PBXBuildFile; fileRef = AB956E9C21E5511D0075102B /* LaunchScreen.storyboard */; };
/* End PBXBuildFile section */

/* Begin PBXFileReference section */
		A103B92688ABB84F73FAC69A /* Pods-Shopify Mobile Challenge Winter 2019.debug.xcconfig */ = {isa = PBXFileReference; includeInIndex = 1; lastKnownFileType = text.xcconfig; name = "Pods-Shopify Mobile Challenge Winter 2019.debug.xcconfig"; path = "Pods/Target Support Files/Pods-Shopify Mobile Challenge Winter 2019/Pods-Shopify Mobile Challenge Winter 2019.debug.xcconfig"; sourceTree = "<group>"; };
		AB956E9021E5511B0075102B /* Shopify Mobile Challenge Winter 2019.app */ = {isa = PBXFileReference; explicitFileType = wrapper.application; includeInIndex = 0; path = "Shopify Mobile Challenge Winter 2019.app"; sourceTree = BUILT_PRODUCTS_DIR; };
		AB956E9321E5511B0075102B /* AppDelegate.swift */ = {isa = PBXFileReference; lastKnownFileType = sourcecode.swift; path = AppDelegate.swift; sourceTree = "<group>"; };
		AB956E9521E5511B0075102B /* ViewController.swift */ = {isa = PBXFileReference; lastKnownFileType = sourcecode.swift; path = ViewController.swift; sourceTree = "<group>"; };
		AB956E9821E5511B0075102B /* Base */ = {isa = PBXFileReference; lastKnownFileType = file.storyboard; name = Base; path = Base.lproj/Main.storyboard; sourceTree = "<group>"; };
		AB956E9A21E5511D0075102B /* Assets.xcassets */ = {isa = PBXFileReference; lastKnownFileType = folder.assetcatalog; path = Assets.xcassets; sourceTree = "<group>"; };
		AB956E9D21E5511D0075102B /* Base */ = {isa = PBXFileReference; lastKnownFileType = file.storyboard; name = Base; path = Base.lproj/LaunchScreen.storyboard; sourceTree = "<group>"; };
		AB956E9F21E5511D0075102B /* Info.plist */ = {isa = PBXFileReference; lastKnownFileType = text.plist.xml; path = Info.plist; sourceTree = "<group>"; };
		C37069597F952238937BCDD6 /* Pods_Shopify_Mobile_Challenge_Winter_2019.framework */ = {isa = PBXFileReference; explicitFileType = wrapper.framework; includeInIndex = 0; path = Pods_Shopify_Mobile_Challenge_Winter_2019.framework; sourceTree = BUILT_PRODUCTS_DIR; };
		E1CD902587BD5AB2F5B197EA /* Pods-Shopify Mobile Challenge Winter 2019.release.xcconfig */ = {isa = PBXFileReference; includeInIndex = 1; lastKnownFileType = text.xcconfig; name = "Pods-Shopify Mobile Challenge Winter 2019.release.xcconfig"; path = "Pods/Target Support Files/Pods-Shopify Mobile Challenge Winter 2019/Pods-Shopify Mobile Challenge Winter 2019.release.xcconfig"; sourceTree = "<group>"; };
/* End PBXFileReference section */

/* Begin PBXFrameworksBuildPhase section */
		AB956E8D21E5511B0075102B /* Frameworks */ = {
			isa = PBXFrameworksBuildPhase;
			buildActionMask = 2147483647;
			files = (
				A3C15DAF7B76160953CB0E78 /* Pods_Shopify_Mobile_Challenge_Winter_2019.framework in Frameworks */,
			);
			runOnlyForDeploymentPostprocessing = 0;
		};
/* End PBXFrameworksBuildPhase section */

/* Begin PBXGroup section */
		6EF14B9EA535250C09BB8F5A /* Pods */ = {
			isa = PBXGroup;
			children = (
				A103B92688ABB84F73FAC69A /* Pods-Shopify Mobile Challenge Winter 2019.debug.xcconfig */,
				E1CD902587BD5AB2F5B197EA /* Pods-Shopify Mobile Challenge Winter 2019.release.xcconfig */,
			);
			name = Pods;
			sourceTree = "<group>";
		};
		AB956E8721E5511B0075102B = {
			isa = PBXGroup;
			children = (
				AB956E9221E5511B0075102B /* Shopify Mobile Challenge Winter 2019 */,
				AB956E9121E5511B0075102B /* Products */,
				6EF14B9EA535250C09BB8F5A /* Pods */,
				BFB5D8D4FE96F913D6F30A33 /* Frameworks */,
			);
			sourceTree = "<group>";
		};
		AB956E9121E5511B0075102B /* Products */ = {
			isa = PBXGroup;
			children = (
				AB956E9021E5511B0075102B /* Shopify Mobile Challenge Winter 2019.app */,
			);
			name = Products;
			sourceTree = "<group>";
		};
		AB956E9221E5511B0075102B /* Shopify Mobile Challenge Winter 2019 */ = {
			isa = PBXGroup;
			children = (
				AB956E9321E5511B0075102B /* AppDelegate.swift */,
				AB956E9521E5511B0075102B /* ViewController.swift */,
				AB956E9721E5511B0075102B /* Main.storyboard */,
				AB956E9A21E5511D0075102B /* Assets.xcassets */,
				AB956E9C21E5511D0075102B /* LaunchScreen.storyboard */,
				AB956E9F21E5511D0075102B /* Info.plist */,
			);
			path = "Shopify Mobile Challenge Winter 2019";
			sourceTree = "<group>";
		};
		BFB5D8D4FE96F913D6F30A33 /* Frameworks */ = {
			isa = PBXGroup;
			children = (
				C37069597F952238937BCDD6 /* Pods_Shopify_Mobile_Challenge_Winter_2019.framework */,
			);
			name = Frameworks;
			sourceTree = "<group>";
		};
/* End PBXGroup section */

/* Begin PBXNativeTarget section */
		AB956E8F21E5511B0075102B /* Shopify Mobile Challenge Winter 2019 */ = {
			isa = PBXNativeTarget;
			buildConfigurationList = AB956EA221E5511D0075102B /* Build configuration list for PBXNativeTarget "Shopify Mobile Challenge Winter 2019" */;
			buildPhases = (
				52758F41907649E3E9807D51 /* [CP] Check Pods Manifest.lock */,
				AB956E8C21E5511B0075102B /* Sources */,
				AB956E8D21E5511B0075102B /* Frameworks */,
				AB956E8E21E5511B0075102B /* Resources */,
				0977925FD4FC8672B232392A /* [CP] Embed Pods Frameworks */,
			);
			buildRules = (
			);
			dependencies = (
			);
			name = "Shopify Mobile Challenge Winter 2019";
			productName = "Shopify Mobile Challenge Winter 2019";
			productReference = AB956E9021E5511B0075102B /* Shopify Mobile Challenge Winter 2019.app */;
			productType = "com.apple.product-type.application";
		};
/* End PBXNativeTarget section */

/* Begin PBXProject section */
		AB956E8821E5511B0075102B /* Project object */ = {
			isa = PBXProject;
			attributes = {
				LastSwiftUpdateCheck = 1000;
				LastUpgradeCheck = 1000;
				ORGANIZATIONNAME = "Yucheng Yan";
				TargetAttributes = {
					AB956E8F21E5511B0075102B = {
						CreatedOnToolsVersion = 10.0;
					};
				};
			};
			buildConfigurationList = AB956E8B21E5511B0075102B /* Build configuration list for PBXProject "Shopify Mobile Challenge Winter 2019" */;
			compatibilityVersion = "Xcode 9.3";
			developmentRegion = en;
			hasScannedForEncodings = 0;
			knownRegions = (
				en,
				Base,
			);
			mainGroup = AB956E8721E5511B0075102B;
			productRefGroup = AB956E9121E5511B0075102B /* Products */;
			projectDirPath = "";
			projectRoot = "";
			targets = (
				AB956E8F21E5511B0075102B /* Shopify Mobile Challenge Winter 2019 */,
			);
		};
/* End PBXProject section */

/* Begin PBXResourcesBuildPhase section */
		AB956E8E21E5511B0075102B /* Resources */ = {
			isa = PBXResourcesBuildPhase;
			buildActionMask = 2147483647;
			files = (
				AB956E9E21E5511D0075102B /* LaunchScreen.storyboard in Resources */,
				AB956E9B21E5511D0075102B /* Assets.xcassets in Resources */,
				AB956E9921E5511B0075102B /* Main.storyboard in Resources */,
			);
			runOnlyForDeploymentPostprocessing = 0;
		};
/* End PBXResourcesBuildPhase section */

/* Begin PBXShellScriptBuildPhase section */
		0977925FD4FC8672B232392A /* [CP] Embed Pods Frameworks */ = {
			isa = PBXShellScriptBuildPhase;
			buildActionMask = 2147483647;
			files = (
			);
			inputPaths = (
				"${SRCROOT}/Pods/Target Support Files/Pods-Shopify Mobile Challenge Winter 2019/Pods-Shopify Mobile Challenge Winter 2019-frameworks.sh",
				"${BUILT_PRODUCTS_DIR}/Alamofire/Alamofire.framework",
			);
			name = "[CP] Embed Pods Frameworks";
			outputPaths = (
				"${TARGET_BUILD_DIR}/${FRAMEWORKS_FOLDER_PATH}/Alamofire.framework",
			);
			runOnlyForDeploymentPostprocessing = 0;
			shellPath = /bin/sh;
			shellScript = "\"${SRCROOT}/Pods/Target Support Files/Pods-Shopify Mobile Challenge Winter 2019/Pods-Shopify Mobile Challenge Winter 2019-frameworks.sh\"\n";
			showEnvVarsInLog = 0;
		};
		52758F41907649E3E9807D51 /* [CP] Check Pods Manifest.lock */ = {
			isa = PBXShellScriptBuildPhase;
			buildActionMask = 2147483647;
			files = (
			);
			inputPaths = (
				"${PODS_PODFILE_DIR_PATH}/Podfile.lock",
				"${PODS_ROOT}/Manifest.lock",
			);
			name = "[CP] Check Pods Manifest.lock";
			outputPaths = (
				"$(DERIVED_FILE_DIR)/Pods-Shopify Mobile Challenge Winter 2019-checkManifestLockResult.txt",
			);
			runOnlyForDeploymentPostprocessing = 0;
			shellPath = /bin/sh;
			shellScript = "diff \"${PODS_PODFILE_DIR_PATH}/Podfile.lock\" \"${PODS_ROOT}/Manifest.lock\" > /dev/null\nif [ $? != 0 ] ; then\n    # print error to STDERR\n    echo \"error: The sandbox is not in sync with the Podfile.lock. Run 'pod install' or update your CocoaPods installation.\" >&2\n    exit 1\nfi\n# This output is used by Xcode 'outputs' to avoid re-running this script phase.\necho \"SUCCESS\" > \"${SCRIPT_OUTPUT_FILE_0}\"\n";
			showEnvVarsInLog = 0;
		};
/* End PBXShellScriptBuildPhase section */

/* Begin PBXSourcesBuildPhase section */
		AB956E8C21E5511B0075102B /* Sources */ = {
			isa = PBXSourcesBuildPhase;
			buildActionMask = 2147483647;
			files = (
				AB956E9621E5511B0075102B /* ViewController.swift in Sources */,
				AB956E9421E5511B0075102B /* AppDelegate.swift in Sources */,
			);
			runOnlyForDeploymentPostprocessing = 0;
		};
/* End PBXSourcesBuildPhase section */

/* Begin PBXVariantGroup section */
		AB956E9721E5511B0075102B /* Main.storyboard */ = {
			isa = PBXVariantGroup;
			children = (
				AB956E9821E5511B0075102B /* Base */,
			);
			name = Main.storyboard;
			sourceTree = "<group>";
		};
		AB956E9C21E5511D0075102B /* LaunchScreen.storyboard */ = {
			isa = PBXVariantGroup;
			children = (
				AB956E9D21E5511D0075102B /* Base */,
			);
			name = LaunchScreen.storyboard;
			sourceTree = "<group>";
		};
/* End PBXVariantGroup section */

/* Begin XCBuildConfiguration section */
		AB956EA021E5511D0075102B /* Debug */ = {
			isa = XCBuildConfiguration;
			buildSettings = {
				ALWAYS_SEARCH_USER_PATHS = NO;
				CLANG_ANALYZER_NONNULL = YES;
				CLANG_ANALYZER_NUMBER_OBJECT_CONVERSION = YES_AGGRESSIVE;
				CLANG_CXX_LANGUAGE_STANDARD = "gnu++14";
				CLANG_CXX_LIBRARY = "libc++";
				CLANG_ENABLE_MODULES = YES;
				CLANG_ENABLE_OBJC_ARC = YES;
				CLANG_ENABLE_OBJC_WEAK = YES;
				CLANG_WARN_BLOCK_CAPTURE_AUTORELEASING = YES;
				CLANG_WARN_BOOL_CONVERSION = YES;
				CLANG_WARN_COMMA = YES;
				CLANG_WARN_CONSTANT_CONVERSION = YES;
				CLANG_WARN_DEPRECATED_OBJC_IMPLEMENTATIONS = YES;
				CLANG_WARN_DIRECT_OBJC_ISA_USAGE = YES_ERROR;
				CLANG_WARN_DOCUMENTATION_COMMENTS = YES;
				CLANG_WARN_EMPTY_BODY = YES;
				CLANG_WARN_ENUM_CONVERSION = YES;
				CLANG_WARN_INFINITE_RECURSION = YES;
				CLANG_WARN_INT_CONVERSION = YES;
				CLANG_WARN_NON_LITERAL_NULL_CONVERSION = YES;
				CLANG_WARN_OBJC_IMPLICIT_RETAIN_SELF = YES;
				CLANG_WARN_OBJC_LITERAL_CONVERSION = YES;
				CLANG_WARN_OBJC_ROOT_CLASS = YES_ERROR;
				CLANG_WARN_RANGE_LOOP_ANALYSIS = YES;
				CLANG_WARN_STRICT_PROTOTYPES = YES;
				CLANG_WARN_SUSPICIOUS_MOVE = YES;
				CLANG_WARN_UNGUARDED_AVAILABILITY = YES_AGGRESSIVE;
				CLANG_WARN_UNREACHABLE_CODE = YES;
				CLANG_WARN__DUPLICATE_METHOD_MATCH = YES;
				CODE_SIGN_IDENTITY = "iPhone Developer";
				COPY_PHASE_STRIP = NO;
				DEBUG_INFORMATION_FORMAT = dwarf;
				ENABLE_STRICT_OBJC_MSGSEND = YES;
				ENABLE_TESTABILITY = YES;
				GCC_C_LANGUAGE_STANDARD = gnu11;
				GCC_DYNAMIC_NO_PIC = NO;
				GCC_NO_COMMON_BLOCKS = YES;
				GCC_OPTIMIZATION_LEVEL = 0;
				GCC_PREPROCESSOR_DEFINITIONS = (
					"DEBUG=1",
					"$(inherited)",
				);
				GCC_WARN_64_TO_32_BIT_CONVERSION = YES;
				GCC_WARN_ABOUT_RETURN_TYPE = YES_ERROR;
				GCC_WARN_UNDECLARED_SELECTOR = YES;
				GCC_WARN_UNINITIALIZED_AUTOS = YES_AGGRESSIVE;
				GCC_WARN_UNUSED_FUNCTION = YES;
				GCC_WARN_UNUSED_VARIABLE = YES;
				IPHONEOS_DEPLOYMENT_TARGET = 12.0;
				MTL_ENABLE_DEBUG_INFO = INCLUDE_SOURCE;
				MTL_FAST_MATH = YES;
				ONLY_ACTIVE_ARCH = YES;
				SDKROOT = iphoneos;
				SWIFT_ACTIVE_COMPILATION_CONDITIONS = DEBUG;
				SWIFT_OPTIMIZATION_LEVEL = "-Onone";
			};
			name = Debug;
		};
		AB956EA121E5511D0075102B /* Release */ = {
			isa = XCBuildConfiguration;
			buildSettings = {
				ALWAYS_SEARCH_USER_PATHS = NO;
				CLANG_ANALYZER_NONNULL = YES;
				CLANG_ANALYZER_NUMBER_OBJECT_CONVERSION = YES_AGGRESSIVE;
				CLANG_CXX_LANGUAGE_STANDARD = "gnu++14";
				CLANG_CXX_LIBRARY = "libc++";
				CLANG_ENABLE_MODULES = YES;
				CLANG_ENABLE_OBJC_ARC = YES;
				CLANG_ENABLE_OBJC_WEAK = YES;
				CLANG_WARN_BLOCK_CAPTURE_AUTORELEASING = YES;
				CLANG_WARN_BOOL_CONVERSION = YES;
				CLANG_WARN_COMMA = YES;
				CLANG_WARN_CONSTANT_CONVERSION = YES;
				CLANG_WARN_DEPRECATED_OBJC_IMPLEMENTATIONS = YES;
				CLANG_WARN_DIRECT_OBJC_ISA_USAGE = YES_ERROR;
				CLANG_WARN_DOCUMENTATION_COMMENTS = YES;
				CLANG_WARN_EMPTY_BODY = YES;
				CLANG_WARN_ENUM_CONVERSION = YES;
				CLANG_WARN_INFINITE_RECURSION = YES;
				CLANG_WARN_INT_CONVERSION = YES;
				CLANG_WARN_NON_LITERAL_NULL_CONVERSION = YES;
				CLANG_WARN_OBJC_IMPLICIT_RETAIN_SELF = YES;
				CLANG_WARN_OBJC_LITERAL_CONVERSION = YES;
				CLANG_WARN_OBJC_ROOT_CLASS = YES_ERROR;
				CLANG_WARN_RANGE_LOOP_ANALYSIS = YES;
				CLANG_WARN_STRICT_PROTOTYPES = YES;
				CLANG_WARN_SUSPICIOUS_MOVE = YES;
				CLANG_WARN_UNGUARDED_AVAILABILITY = YES_AGGRESSIVE;
				CLANG_WARN_UNREACHABLE_CODE = YES;
				CLANG_WARN__DUPLICATE_METHOD_MATCH = YES;
				CODE_SIGN_IDENTITY = "iPhone Developer";
				COPY_PHASE_STRIP = NO;
				DEBUG_INFORMATION_FORMAT = "dwarf-with-dsym";
				ENABLE_NS_ASSERTIONS = NO;
				ENABLE_STRICT_OBJC_MSGSEND = YES;
				GCC_C_LANGUAGE_STANDARD = gnu11;
				GCC_NO_COMMON_BLOCKS = YES;
				GCC_WARN_64_TO_32_BIT_CONVERSION = YES;
				GCC_WARN_ABOUT_RETURN_TYPE = YES_ERROR;
				GCC_WARN_UNDECLARED_SELECTOR = YES;
				GCC_WARN_UNINITIALIZED_AUTOS = YES_AGGRESSIVE;
				GCC_WARN_UNUSED_FUNCTION = YES;
				GCC_WARN_UNUSED_VARIABLE = YES;
				IPHONEOS_DEPLOYMENT_TARGET = 12.0;
				MTL_ENABLE_DEBUG_INFO = NO;
				MTL_FAST_MATH = YES;
				SDKROOT = iphoneos;
				SWIFT_COMPILATION_MODE = wholemodule;
				SWIFT_OPTIMIZATION_LEVEL = "-O";
				VALIDATE_PRODUCT = YES;
			};
			name = Release;
		};
		AB956EA321E5511D0075102B /* Debug */ = {
			isa = XCBuildConfiguration;
			baseConfigurationReference = A103B92688ABB84F73FAC69A /* Pods-Shopify Mobile Challenge Winter 2019.debug.xcconfig */;
			buildSettings = {
				ASSETCATALOG_COMPILER_APPICON_NAME = AppIcon;
				CODE_SIGN_STYLE = Automatic;
				DEVELOPMENT_TEAM = 7923SC2646;
				INFOPLIST_FILE = "Shopify Mobile Challenge Winter 2019/Info.plist";
				LD_RUNPATH_SEARCH_PATHS = "$(inherited) @executable_path/Frameworks";
				PRODUCT_BUNDLE_IDENTIFIER = "com.yucheng.Shopify-Mobile-Challenge-Winter-2019";
				PRODUCT_NAME = "$(TARGET_NAME)";
				SWIFT_VERSION = 4.2;
				TARGETED_DEVICE_FAMILY = "1,2";
			};
			name = Debug;
		};
		AB956EA421E5511D0075102B /* Release */ = {
			isa = XCBuildConfiguration;
			baseConfigurationReference = E1CD902587BD5AB2F5B197EA /* Pods-Shopify Mobile Challenge Winter 2019.release.xcconfig */;
			buildSettings = {
				ASSETCATALOG_COMPILER_APPICON_NAME = AppIcon;
				CODE_SIGN_STYLE = Automatic;
				DEVELOPMENT_TEAM = 7923SC2646;
				INFOPLIST_FILE = "Shopify Mobile Challenge Winter 2019/Info.plist";
				LD_RUNPATH_SEARCH_PATHS = "$(inherited) @executable_path/Frameworks";
				PRODUCT_BUNDLE_IDENTIFIER = "com.yucheng.Shopify-Mobile-Challenge-Winter-2019";
				PRODUCT_NAME = "$(TARGET_NAME)";
				SWIFT_VERSION = 4.2;
				TARGETED_DEVICE_FAMILY = "1,2";
			};
			name = Release;
		};
/* End XCBuildConfiguration section */

/* Begin XCConfigurationList section */
		AB956E8B21E5511B0075102B /* Build configuration list for PBXProject "Shopify Mobile Challenge Winter 2019" */ = {
			isa = XCConfigurationList;
			buildConfigurations = (
				AB956EA021E5511D0075102B /* Debug */,
				AB956EA121E5511D0075102B /* Release */,
			);
			defaultConfigurationIsVisible = 0;
			defaultConfigurationName = Release;
		};
		AB956EA221E5511D0075102B /* Build configuration list for PBXNativeTarget "Shopify Mobile Challenge Winter 2019" */ = {
			isa = XCConfigurationList;
			buildConfigurations = (
				AB956EA321E5511D0075102B /* Debug */,
				AB956EA421E5511D0075102B /* Release */,
			);
			defaultConfigurationIsVisible = 0;
			defaultConfigurationName = Release;
		};
/* End XCConfigurationList section */
	};
	rootObject = AB956E8821E5511B0075102B /* Project object */;
}
